
Microsoft Visual Studio Solution File, Format Version 12.00
# Visual Studio Version 17
VisualStudioVersion = 17.12.35707.178
MinimumVisualStudioVersion = 10.0.40219.1
Project("{FAE04EC0-301F-11D3-BF4B-00C04F79EFBC}") = "Daily1", "Daily1\Daily1.csproj", "{11DEB5F1-2421-4C02-90C0-52F7F20600D4}"
EndProject
Project("{FAE04EC0-301F-11D3-BF4B-00C04F79EFBC}") = "Daily2", "Daily2\Daily2.csproj", "{CDC1F76F-2132-413A-B860-4FD9DDD4C632}"
EndProject
Project("{FAE04EC0-301F-11D3-BF4B-00C04F79EFBC}") = "Daily3", "Daily3\Daily3.csproj", "{84143227-6930-443B-AB15-3A0F9DF18D83}"
EndProject
Project("{2150E333-8FDC-42A3-9474-1A3956D46DE8}") = "Solution Items", "Solution Items", "{F41FF5C1-4BB3-42A6-A26C-F10DF1A5ECB6}"
EndProject
Project("{FAE04EC0-301F-11D3-BF4B-00C04F79EFBC}") = "Daily4", "Daily4\Daily4.csproj", "{00853B3B-4CDC-41EC-9AFB-7360BA4376EC}"
EndProject
Project("{FAE04EC0-301F-11D3-BF4B-00C04F79EFBC}") = "Assignment", "Assignment\Assignment.csproj", "{BCE592F6-FFFB-4A3C-9522-B5FE181E1710}"
EndProject
Project("{FAE04EC0-301F-11D3-BF4B-00C04F79EFBC}") = "oops1", "oops1\oops1.csproj", "{5CC3B6CB-F12B-42E3-8933-1AD2DE3D1FCB}"
EndProject
Project("{FAE04EC0-301F-11D3-BF4B-00C04F79EFBC}") = "oops2", "oops2\oops2.csproj", "{A416AA01-C97A-4F15-BE34-F51028509E56}"
EndProject
Project("{FAE04EC0-301F-11D3-BF4B-00C04F79EFBC}") = "oops3", "oop3\oops3.csproj", "{49FA387F-1774-4E53-B5BB-ED31FDFD913C}"
EndProject
Project("{FAE04EC0-301F-11D3-BF4B-00C04F79EFBC}") = "LinQ-Day1", "LinQ-Day1\LinQ-Day1.csproj", "{C61EA3CD-FD34-4303-9A5F-2CF1C0B36F06}"
EndProject
Project("{FAE04EC0-301F-11D3-BF4B-00C04F79EFBC}") = "LinQ-Day2", "LinQ-Day2\LinQ-Day2.csproj", "{8BF92BB8-3DAB-4811-A4F8-B9329221AA26}"
EndProject
Project("{FAE04EC0-301F-11D3-BF4B-00C04F79EFBC}") = "LinQ-Day2.1", "LinQ-Day2.1\LinQ-Day2.1.csproj", "{687864B5-24DC-48FB-83A2-6D546BC5D071}"
EndProject
Project("{FAE04EC0-301F-11D3-BF4B-00C04F79EFBC}") = "NET_CORE_DAY_2", "..\..\..\Downloads\DOT_NET_Training-master\DOT_NET_Training-master\DOT-NET-CORE-WEB-API\NET_CORE_DAY_2\NET_CORE_DAY_2.csproj", "{5C214286-1DCC-4E38-A4B8-1C047A893241}"
EndProject
Project("{FAE04EC0-301F-11D3-BF4B-00C04F79EFBC}") = "NET_CORE_DAY_1", "..\..\..\Downloads\DOT_NET_Training-master\DOT_NET_Training-master\DOT-NET-CORE-WEB-API\NET_CORE_DAY_1\NET_CORE_DAY_1.csproj", "{C881C076-39A9-42F5-9E77-859308EF3F1B}"
EndProject
Project("{2150E333-8FDC-42A3-9474-1A3956D46DE8}") = "EfCore", "EfCore", "{9E4E3E8C-CADD-44A2-A12A-ED0143520A27}"
EndProject
Project("{FAE04EC0-301F-11D3-BF4B-00C04F79EFBC}") = "EFCore1", "EfCore\EFCore1\EFCore1\EFCore1.csproj", "{BD67D8E1-C114-4682-9671-12D23F5648E0}"
EndProject
Global
	GlobalSection(SolutionConfigurationPlatforms) = preSolution
		Debug|Any CPU = Debug|Any CPU
		Release|Any CPU = Release|Any CPU
	EndGlobalSection
	GlobalSection(ProjectConfigurationPlatforms) = postSolution
		{11DEB5F1-2421-4C02-90C0-52F7F20600D4}.Debug|Any CPU.ActiveCfg = Debug|Any CPU
		{11DEB5F1-2421-4C02-90C0-52F7F20600D4}.Debug|Any CPU.Build.0 = Debug|Any CPU
		{11DEB5F1-2421-4C02-90C0-52F7F20600D4}.Release|Any CPU.ActiveCfg = Release|Any CPU
		{11DEB5F1-2421-4C02-90C0-52F7F20600D4}.Release|Any CPU.Build.0 = Release|Any CPU
		{CDC1F76F-2132-413A-B860-4FD9DDD4C632}.Debug|Any CPU.ActiveCfg = Debug|Any CPU
		{CDC1F76F-2132-413A-B860-4FD9DDD4C632}.Debug|Any CPU.Build.0 = Debug|Any CPU
		{CDC1F76F-2132-413A-B860-4FD9DDD4C632}.Release|Any CPU.ActiveCfg = Release|Any CPU
		{CDC1F76F-2132-413A-B860-4FD9DDD4C632}.Release|Any CPU.Build.0 = Release|Any CPU
		{84143227-6930-443B-AB15-3A0F9DF18D83}.Debug|Any CPU.ActiveCfg = Debug|Any CPU
		{84143227-6930-443B-AB15-3A0F9DF18D83}.Debug|Any CPU.Build.0 = Debug|Any CPU
		{84143227-6930-443B-AB15-3A0F9DF18D83}.Release|Any CPU.ActiveCfg = Release|Any CPU
		{84143227-6930-443B-AB15-3A0F9DF18D83}.Release|Any CPU.Build.0 = Release|Any CPU
		{00853B3B-4CDC-41EC-9AFB-7360BA4376EC}.Debug|Any CPU.ActiveCfg = Debug|Any CPU
		{00853B3B-4CDC-41EC-9AFB-7360BA4376EC}.Debug|Any CPU.Build.0 = Debug|Any CPU
		{00853B3B-4CDC-41EC-9AFB-7360BA4376EC}.Release|Any CPU.ActiveCfg = Release|Any CPU
		{00853B3B-4CDC-41EC-9AFB-7360BA4376EC}.Release|Any CPU.Build.0 = Release|Any CPU
		{BCE592F6-FFFB-4A3C-9522-B5FE181E1710}.Debug|Any CPU.ActiveCfg = Debug|Any CPU
		{BCE592F6-FFFB-4A3C-9522-B5FE181E1710}.Debug|Any CPU.Build.0 = Debug|Any CPU
		{BCE592F6-FFFB-4A3C-9522-B5FE181E1710}.Release|Any CPU.ActiveCfg = Release|Any CPU
		{BCE592F6-FFFB-4A3C-9522-B5FE181E1710}.Release|Any CPU.Build.0 = Release|Any CPU
		{5CC3B6CB-F12B-42E3-8933-1AD2DE3D1FCB}.Debug|Any CPU.ActiveCfg = Debug|Any CPU
		{5CC3B6CB-F12B-42E3-8933-1AD2DE3D1FCB}.Debug|Any CPU.Build.0 = Debug|Any CPU
		{5CC3B6CB-F12B-42E3-8933-1AD2DE3D1FCB}.Release|Any CPU.ActiveCfg = Release|Any CPU
		{5CC3B6CB-F12B-42E3-8933-1AD2DE3D1FCB}.Release|Any CPU.Build.0 = Release|Any CPU
		{A416AA01-C97A-4F15-BE34-F51028509E56}.Debug|Any CPU.ActiveCfg = Debug|Any CPU
		{A416AA01-C97A-4F15-BE34-F51028509E56}.Debug|Any CPU.Build.0 = Debug|Any CPU
		{A416AA01-C97A-4F15-BE34-F51028509E56}.Release|Any CPU.ActiveCfg = Release|Any CPU
		{A416AA01-C97A-4F15-BE34-F51028509E56}.Release|Any CPU.Build.0 = Release|Any CPU
		{49FA387F-1774-4E53-B5BB-ED31FDFD913C}.Debug|Any CPU.ActiveCfg = Debug|Any CPU
		{49FA387F-1774-4E53-B5BB-ED31FDFD913C}.Debug|Any CPU.Build.0 = Debug|Any CPU
		{49FA387F-1774-4E53-B5BB-ED31FDFD913C}.Release|Any CPU.ActiveCfg = Release|Any CPU
		{49FA387F-1774-4E53-B5BB-ED31FDFD913C}.Release|Any CPU.Build.0 = Release|Any CPU
		{C61EA3CD-FD34-4303-9A5F-2CF1C0B36F06}.Debug|Any CPU.ActiveCfg = Debug|Any CPU
		{C61EA3CD-FD34-4303-9A5F-2CF1C0B36F06}.Debug|Any CPU.Build.0 = Debug|Any CPU
		{C61EA3CD-FD34-4303-9A5F-2CF1C0B36F06}.Release|Any CPU.ActiveCfg = Release|Any CPU
		{C61EA3CD-FD34-4303-9A5F-2CF1C0B36F06}.Release|Any CPU.Build.0 = Release|Any CPU
		{8BF92BB8-3DAB-4811-A4F8-B9329221AA26}.Debug|Any CPU.ActiveCfg = Debug|Any CPU
		{8BF92BB8-3DAB-4811-A4F8-B9329221AA26}.Debug|Any CPU.Build.0 = Debug|Any CPU
		{8BF92BB8-3DAB-4811-A4F8-B9329221AA26}.Release|Any CPU.ActiveCfg = Release|Any CPU
		{8BF92BB8-3DAB-4811-A4F8-B9329221AA26}.Release|Any CPU.Build.0 = Release|Any CPU
		{687864B5-24DC-48FB-83A2-6D546BC5D071}.Debug|Any CPU.ActiveCfg = Debug|Any CPU
		{687864B5-24DC-48FB-83A2-6D546BC5D071}.Debug|Any CPU.Build.0 = Debug|Any CPU
		{687864B5-24DC-48FB-83A2-6D546BC5D071}.Release|Any CPU.ActiveCfg = Release|Any CPU
		{687864B5-24DC-48FB-83A2-6D546BC5D071}.Release|Any CPU.Build.0 = Release|Any CPU
		{5C214286-1DCC-4E38-A4B8-1C047A893241}.Debug|Any CPU.ActiveCfg = Debug|Any CPU
		{5C214286-1DCC-4E38-A4B8-1C047A893241}.Debug|Any CPU.Build.0 = Debug|Any CPU
		{5C214286-1DCC-4E38-A4B8-1C047A893241}.Release|Any CPU.ActiveCfg = Release|Any CPU
		{5C214286-1DCC-4E38-A4B8-1C047A893241}.Release|Any CPU.Build.0 = Release|Any CPU
		{C881C076-39A9-42F5-9E77-859308EF3F1B}.Debug|Any CPU.ActiveCfg = Debug|Any CPU
		{C881C076-39A9-42F5-9E77-859308EF3F1B}.Debug|Any CPU.Build.0 = Debug|Any CPU
		{C881C076-39A9-42F5-9E77-859308EF3F1B}.Release|Any CPU.ActiveCfg = Release|Any CPU
		{C881C076-39A9-42F5-9E77-859308EF3F1B}.Release|Any CPU.Build.0 = Release|Any CPU
		{BD67D8E1-C114-4682-9671-12D23F5648E0}.Debug|Any CPU.ActiveCfg = Debug|Any CPU
		{BD67D8E1-C114-4682-9671-12D23F5648E0}.Debug|Any CPU.Build.0 = Debug|Any CPU
		{BD67D8E1-C114-4682-9671-12D23F5648E0}.Release|Any CPU.ActiveCfg = Release|Any CPU
		{BD67D8E1-C114-4682-9671-12D23F5648E0}.Release|Any CPU.Build.0 = Release|Any CPU
	EndGlobalSection
	GlobalSection(SolutionProperties) = preSolution
		HideSolutionNode = FALSE
	EndGlobalSection
	GlobalSection(NestedProjects) = preSolution
		{BD67D8E1-C114-4682-9671-12D23F5648E0} = {9E4E3E8C-CADD-44A2-A12A-ED0143520A27}
	EndGlobalSection
EndGlobal
